
Microsoft Visual Studio Solution File, Format Version 12.00
# Visual Studio Version 17
VisualStudioVersion = 17.14.36221.1
MinimumVisualStudioVersion = 10.0.40219.1
Project("{FAE04EC0-301F-11D3-BF4B-00C04F79EFBC}") = "FernEngine", "src\FernEngine\FernEngine.csproj", "{1C991A45-2EC7-4F08-9FC7-17EBB2BC8BFF}"
EndProject
Global
	GlobalSection(SolutionConfigurationPlatforms) = preSolution
		Debug|Any CPU = Debug|Any CPU
		Release|Any CPU = Release|Any CPU
	EndGlobalSection
	GlobalSection(ProjectConfigurationPlatforms) = postSolution
		{1C991A45-2EC7-4F08-9FC7-17EBB2BC8BFF}.Debug|Any CPU.ActiveCfg = Debug|Any CPU
		{1C991A45-2EC7-4F08-9FC7-17EBB2BC8BFF}.Debug|Any CPU.Build.0 = Debug|Any CPU
		{1C991A45-2EC7-4F08-9FC7-17EBB2BC8BFF}.Release|Any CPU.ActiveCfg = Release|Any CPU
		{1C991A45-2EC7-4F08-9FC7-17EBB2BC8BFF}.Release|Any CPU.Build.0 = Release|Any CPU
	EndGlobalSection
	GlobalSection(SolutionProperties) = preSolution
		HideSolutionNode = FALSE
	EndGlobalSection
	GlobalSection(ExtensibilityGlobals) = postSolution
		SolutionGuid = {A495C856-6B6E-49AD-8D0C-CCF6C4AC8157}
	EndGlobalSection
EndGlobal
